
Microsoft Visual Studio Solution File, Format Version 12.00
# Visual Studio Version 17
VisualStudioVersion = 17.1.32319.34
MinimumVisualStudioVersion = 10.0.40219.1
Project("{9A19103F-16F7-4668-BE54-9A1E7A4F7556}") = "PerformanceCounterInterval", "PerformanceCounterInterval\PerformanceCounterInterval.csproj", "{F8211EF0-A553-4841-86ED-786FBB19D90A}"
EndProject
Project("{9A19103F-16F7-4668-BE54-9A1E7A4F7556}") = "Interval.Storage", "Interval.Storage.Rules\Interval.Storage.csproj", "{B42132E2-4E4E-4163-B536-5836A6ABAAED}"
EndProject
Project("{9A19103F-16F7-4668-BE54-9A1E7A4F7556}") = "Interval.Storage.Interface", "Interval.Storage.Infrastruct\Interval.Storage.Interface.csproj", "{F8ABA84C-00F8-4643-9951-ACD2AF42FD33}"
EndProject
Project("{9A19103F-16F7-4668-BE54-9A1E7A4F7556}") = "Interval.Storage.Factory", "Interval.Storage.Factory\Interval.Storage.Factory.csproj", "{B82C2DEE-B4F7-47E7-A9E8-AD880BC04F88}"
EndProject
Project("{9A19103F-16F7-4668-BE54-9A1E7A4F7556}") = "Interval.Test", "Interval.Test\Interval.Test.csproj", "{0F3751D4-C09B-4FB5-AF43-2BE2628C12EB}"
EndProject
Project("{2150E333-8FDC-42A3-9474-1A3956D46DE8}") = "Solution Items", "Solution Items", "{78F33839-FF73-4DF3-AC68-FFB892236D8B}"
	ProjectSection(SolutionItems) = preProject
		.gitignore = .gitignore
		.github\workflows\dotnet.yml = .github\workflows\dotnet.yml
		Icons\Icons8-Windows-8-Programming-System-Task.ico = Icons\Icons8-Windows-8-Programming-System-Task.ico
		sonar.bat = sonar.bat
	EndProjectSection
EndProject
Project("{9A19103F-16F7-4668-BE54-9A1E7A4F7556}") = "Interval.Storage.Tools", "Interval.Storage.Tools\Interval.Storage.Tools.csproj", "{77330E64-D177-44FC-A082-BCC380A31BB9}"
EndProject
Project("{9A19103F-16F7-4668-BE54-9A1E7A4F7556}") = "Interval.Forms.Graphic", "Interval.Forms.Graphic\Interval.Forms.Graphic.csproj", "{FE4B9BAE-E26B-4157-BD86-C0045A16F6A4}"
EndProject
Project("{9A19103F-16F7-4668-BE54-9A1E7A4F7556}") = "Interval.MonitorResource", "Interval.MonitorResource\Interval.MonitorResource.csproj", "{B220D754-18FF-454E-B07E-F4326A977107}"
EndProject
Project("{9A19103F-16F7-4668-BE54-9A1E7A4F7556}") = "Interval.WPF.Graphic", "Interval.WPF.Graphic\Interval.WPF.Graphic.csproj", "{05CFF45B-91E2-4863-B468-C7AB2620B726}"
EndProject
Global
	GlobalSection(SolutionConfigurationPlatforms) = preSolution
		Debug|Any CPU = Debug|Any CPU
		Release|Any CPU = Release|Any CPU
	EndGlobalSection
	GlobalSection(ProjectConfigurationPlatforms) = postSolution
		{F8211EF0-A553-4841-86ED-786FBB19D90A}.Debug|Any CPU.ActiveCfg = Debug|Any CPU
		{F8211EF0-A553-4841-86ED-786FBB19D90A}.Debug|Any CPU.Build.0 = Debug|Any CPU
		{F8211EF0-A553-4841-86ED-786FBB19D90A}.Release|Any CPU.ActiveCfg = Release|Any CPU
		{F8211EF0-A553-4841-86ED-786FBB19D90A}.Release|Any CPU.Build.0 = Release|Any CPU
		{B42132E2-4E4E-4163-B536-5836A6ABAAED}.Debug|Any CPU.ActiveCfg = Debug|Any CPU
		{B42132E2-4E4E-4163-B536-5836A6ABAAED}.Debug|Any CPU.Build.0 = Debug|Any CPU
		{B42132E2-4E4E-4163-B536-5836A6ABAAED}.Release|Any CPU.ActiveCfg = Release|Any CPU
		{B42132E2-4E4E-4163-B536-5836A6ABAAED}.Release|Any CPU.Build.0 = Release|Any CPU
		{F8ABA84C-00F8-4643-9951-ACD2AF42FD33}.Debug|Any CPU.ActiveCfg = Debug|Any CPU
		{F8ABA84C-00F8-4643-9951-ACD2AF42FD33}.Debug|Any CPU.Build.0 = Debug|Any CPU
		{F8ABA84C-00F8-4643-9951-ACD2AF42FD33}.Release|Any CPU.ActiveCfg = Release|Any CPU
		{F8ABA84C-00F8-4643-9951-ACD2AF42FD33}.Release|Any CPU.Build.0 = Release|Any CPU
		{B82C2DEE-B4F7-47E7-A9E8-AD880BC04F88}.Debug|Any CPU.ActiveCfg = Debug|Any CPU
		{B82C2DEE-B4F7-47E7-A9E8-AD880BC04F88}.Debug|Any CPU.Build.0 = Debug|Any CPU
		{B82C2DEE-B4F7-47E7-A9E8-AD880BC04F88}.Release|Any CPU.ActiveCfg = Release|Any CPU
		{B82C2DEE-B4F7-47E7-A9E8-AD880BC04F88}.Release|Any CPU.Build.0 = Release|Any CPU
		{0F3751D4-C09B-4FB5-AF43-2BE2628C12EB}.Debug|Any CPU.ActiveCfg = Debug|Any CPU
		{0F3751D4-C09B-4FB5-AF43-2BE2628C12EB}.Debug|Any CPU.Build.0 = Debug|Any CPU
		{0F3751D4-C09B-4FB5-AF43-2BE2628C12EB}.Release|Any CPU.ActiveCfg = Release|Any CPU
		{0F3751D4-C09B-4FB5-AF43-2BE2628C12EB}.Release|Any CPU.Build.0 = Release|Any CPU
		{77330E64-D177-44FC-A082-BCC380A31BB9}.Debug|Any CPU.ActiveCfg = Debug|Any CPU
		{77330E64-D177-44FC-A082-BCC380A31BB9}.Debug|Any CPU.Build.0 = Debug|Any CPU
		{77330E64-D177-44FC-A082-BCC380A31BB9}.Release|Any CPU.ActiveCfg = Release|Any CPU
		{77330E64-D177-44FC-A082-BCC380A31BB9}.Release|Any CPU.Build.0 = Release|Any CPU
		{FE4B9BAE-E26B-4157-BD86-C0045A16F6A4}.Debug|Any CPU.ActiveCfg = Debug|Any CPU
		{FE4B9BAE-E26B-4157-BD86-C0045A16F6A4}.Debug|Any CPU.Build.0 = Debug|Any CPU
		{FE4B9BAE-E26B-4157-BD86-C0045A16F6A4}.Release|Any CPU.ActiveCfg = Release|Any CPU
		{FE4B9BAE-E26B-4157-BD86-C0045A16F6A4}.Release|Any CPU.Build.0 = Release|Any CPU
		{B220D754-18FF-454E-B07E-F4326A977107}.Debug|Any CPU.ActiveCfg = Debug|Any CPU
		{B220D754-18FF-454E-B07E-F4326A977107}.Debug|Any CPU.Build.0 = Debug|Any CPU
		{B220D754-18FF-454E-B07E-F4326A977107}.Release|Any CPU.ActiveCfg = Release|Any CPU
		{B220D754-18FF-454E-B07E-F4326A977107}.Release|Any CPU.Build.0 = Release|Any CPU
		{05CFF45B-91E2-4863-B468-C7AB2620B726}.Debug|Any CPU.ActiveCfg = Debug|Any CPU
		{05CFF45B-91E2-4863-B468-C7AB2620B726}.Debug|Any CPU.Build.0 = Debug|Any CPU
		{05CFF45B-91E2-4863-B468-C7AB2620B726}.Release|Any CPU.ActiveCfg = Release|Any CPU
		{05CFF45B-91E2-4863-B468-C7AB2620B726}.Release|Any CPU.Build.0 = Release|Any CPU
	EndGlobalSection
	GlobalSection(SolutionProperties) = preSolution
		HideSolutionNode = FALSE
	EndGlobalSection
	GlobalSection(ExtensibilityGlobals) = postSolution
		SolutionGuid = {E2F96852-3880-4FB9-B4A3-B5C119DB75BC}
	EndGlobalSection
EndGlobal
